
Microsoft Visual Studio Solution File, Format Version 12.00
# Visual Studio Version 17
VisualStudioVersion = 17.0.31903.59
MinimumVisualStudioVersion = 10.0.40219.1
Project("{FAE04EC0-301F-11D3-BF4B-00C04F79EFBC}") = "Common", "Common\Common.csproj", "{651024CB-0E16-491A-ABF3-E3A0E42FCBD6}"
EndProject
Project("{FAE04EC0-301F-11D3-BF4B-00C04F79EFBC}") = "Core", "Core\Core.csproj", "{58092197-A7D1-40ED-9A22-CBDD8D18018F}"
EndProject
Project("{FAE04EC0-301F-11D3-BF4B-00C04F79EFBC}") = "GmEcuSimulator", "GmEcuSimulator\GmEcuSimulator.csproj", "{AECCE60B-4142-4337-A405-4DBBCF4E10B2}"
EndProject
Project("{2150E333-8FDC-42A3-9474-1A3956D46DE8}") = "Tests.Unit", "Tests.Unit", "{0BB7C12A-58F5-4BEB-37B6-4D8E400ED392}"
EndProject
Project("{FAE04EC0-301F-11D3-BF4B-00C04F79EFBC}") = "EcuSimulator.Tests", "Tests.Unit\EcuSimulator.Tests.csproj", "{F7D99C4C-3255-4E30-B489-4590CA987EDD}"
EndProject
Global
	GlobalSection(SolutionConfigurationPlatforms) = preSolution
		Debug|Any CPU = Debug|Any CPU
		Debug|x64 = Debug|x64
		Debug|x86 = Debug|x86
		Release|Any CPU = Release|Any CPU
		Release|x64 = Release|x64
		Release|x86 = Release|x86
	EndGlobalSection
	GlobalSection(ProjectConfigurationPlatforms) = postSolution
		{651024CB-0E16-491A-ABF3-E3A0E42FCBD6}.Debug|Any CPU.ActiveCfg = Debug|Any CPU
		{651024CB-0E16-491A-ABF3-E3A0E42FCBD6}.Debug|Any CPU.Build.0 = Debug|Any CPU
		{651024CB-0E16-491A-ABF3-E3A0E42FCBD6}.Debug|x64.ActiveCfg = Debug|Any CPU
		{651024CB-0E16-491A-ABF3-E3A0E42FCBD6}.Debug|x64.Build.0 = Debug|Any CPU
		{651024CB-0E16-491A-ABF3-E3A0E42FCBD6}.Debug|x86.ActiveCfg = Debug|Any CPU
		{651024CB-0E16-491A-ABF3-E3A0E42FCBD6}.Debug|x86.Build.0 = Debug|Any CPU
		{651024CB-0E16-491A-ABF3-E3A0E42FCBD6}.Release|Any CPU.ActiveCfg = Release|Any CPU
		{651024CB-0E16-491A-ABF3-E3A0E42FCBD6}.Release|Any CPU.Build.0 = Release|Any CPU
		{651024CB-0E16-491A-ABF3-E3A0E42FCBD6}.Release|x64.ActiveCfg = Release|Any CPU
		{651024CB-0E16-491A-ABF3-E3A0E42FCBD6}.Release|x64.Build.0 = Release|Any CPU
		{651024CB-0E16-491A-ABF3-E3A0E42FCBD6}.Release|x86.ActiveCfg = Release|Any CPU
		{651024CB-0E16-491A-ABF3-E3A0E42FCBD6}.Release|x86.Build.0 = Release|Any CPU
		{58092197-A7D1-40ED-9A22-CBDD8D18018F}.Debug|Any CPU.ActiveCfg = Debug|Any CPU
		{58092197-A7D1-40ED-9A22-CBDD8D18018F}.Debug|Any CPU.Build.0 = Debug|Any CPU
		{58092197-A7D1-40ED-9A22-CBDD8D18018F}.Debug|x64.ActiveCfg = Debug|Any CPU
		{58092197-A7D1-40ED-9A22-CBDD8D18018F}.Debug|x64.Build.0 = Debug|Any CPU
		{58092197-A7D1-40ED-9A22-CBDD8D18018F}.Debug|x86.ActiveCfg = Debug|Any CPU
		{58092197-A7D1-40ED-9A22-CBDD8D18018F}.Debug|x86.Build.0 = Debug|Any CPU
		{58092197-A7D1-40ED-9A22-CBDD8D18018F}.Release|Any CPU.ActiveCfg = Release|Any CPU
		{58092197-A7D1-40ED-9A22-CBDD8D18018F}.Release|Any CPU.Build.0 = Release|Any CPU
		{58092197-A7D1-40ED-9A22-CBDD8D18018F}.Release|x64.ActiveCfg = Release|Any CPU
		{58092197-A7D1-40ED-9A22-CBDD8D18018F}.Release|x64.Build.0 = Release|Any CPU
		{58092197-A7D1-40ED-9A22-CBDD8D18018F}.Release|x86.ActiveCfg = Release|Any CPU
		{58092197-A7D1-40ED-9A22-CBDD8D18018F}.Release|x86.Build.0 = Release|Any CPU
		{AECCE60B-4142-4337-A405-4DBBCF4E10B2}.Debug|Any CPU.ActiveCfg = Debug|Any CPU
		{AECCE60B-4142-4337-A405-4DBBCF4E10B2}.Debug|Any CPU.Build.0 = Debug|Any CPU
		{AECCE60B-4142-4337-A405-4DBBCF4E10B2}.Debug|x64.ActiveCfg = Debug|Any CPU
		{AECCE60B-4142-4337-A405-4DBBCF4E10B2}.Debug|x64.Build.0 = Debug|Any CPU
		{AECCE60B-4142-4337-A405-4DBBCF4E10B2}.Debug|x86.ActiveCfg = Debug|Any CPU
		{AECCE60B-4142-4337-A405-4DBBCF4E10B2}.Debug|x86.Build.0 = Debug|Any CPU
		{AECCE60B-4142-4337-A405-4DBBCF4E10B2}.Release|Any CPU.ActiveCfg = Release|Any CPU
		{AECCE60B-4142-4337-A405-4DBBCF4E10B2}.Release|Any CPU.Build.0 = Release|Any CPU
		{AECCE60B-4142-4337-A405-4DBBCF4E10B2}.Release|x64.ActiveCfg = Release|Any CPU
		{AECCE60B-4142-4337-A405-4DBBCF4E10B2}.Release|x64.Build.0 = Release|Any CPU
		{AECCE60B-4142-4337-A405-4DBBCF4E10B2}.Release|x86.ActiveCfg = Release|Any CPU
		{AECCE60B-4142-4337-A405-4DBBCF4E10B2}.Release|x86.Build.0 = Release|Any CPU
		{F7D99C4C-3255-4E30-B489-4590CA987EDD}.Debug|Any CPU.ActiveCfg = Debug|Any CPU
		{F7D99C4C-3255-4E30-B489-4590CA987EDD}.Debug|Any CPU.Build.0 = Debug|Any CPU
		{F7D99C4C-3255-4E30-B489-4590CA987EDD}.Debug|x64.ActiveCfg = Debug|Any CPU
		{F7D99C4C-3255-4E30-B489-4590CA987EDD}.Debug|x64.Build.0 = Debug|Any CPU
		{F7D99C4C-3255-4E30-B489-4590CA987EDD}.Debug|x86.ActiveCfg = Debug|Any CPU
		{F7D99C4C-3255-4E30-B489-4590CA987EDD}.Debug|x86.Build.0 = Debug|Any CPU
		{F7D99C4C-3255-4E30-B489-4590CA987EDD}.Release|Any CPU.ActiveCfg = Release|Any CPU
		{F7D99C4C-3255-4E30-B489-4590CA987EDD}.Release|Any CPU.Build.0 = Release|Any CPU
		{F7D99C4C-3255-4E30-B489-4590CA987EDD}.Release|x64.ActiveCfg = Release|Any CPU
		{F7D99C4C-3255-4E30-B489-4590CA987EDD}.Release|x64.Build.0 = Release|Any CPU
		{F7D99C4C-3255-4E30-B489-4590CA987EDD}.Release|x86.ActiveCfg = Release|Any CPU
		{F7D99C4C-3255-4E30-B489-4590CA987EDD}.Release|x86.Build.0 = Release|Any CPU
	EndGlobalSection
	GlobalSection(SolutionProperties) = preSolution
		HideSolutionNode = FALSE
	EndGlobalSection
	GlobalSection(NestedProjects) = preSolution
		{F7D99C4C-3255-4E30-B489-4590CA987EDD} = {0BB7C12A-58F5-4BEB-37B6-4D8E400ED392}
	EndGlobalSection
EndGlobal
