
Microsoft Visual Studio Solution File, Format Version 12.00
# Visual Studio Version 17
VisualStudioVersion = 17.0.31903.59
MinimumVisualStudioVersion = 10.0.40219.1
Project("{FAE04EC0-301F-11D3-BF4B-00C04F79EFBC}") = "Common", "Common\Common.csproj", "{651024CB-0E16-491A-ABF3-E3A0E42FCBD6}"
EndProject
Project("{FAE04EC0-301F-11D3-BF4B-00C04F79EFBC}") = "Core", "Core\Core.csproj", "{58092197-A7D1-40ED-9A22-CBDD8D18018F}"
EndProject
Project("{FAE04EC0-301F-11D3-BF4B-00C04F79EFBC}") = "GmEcuSimulator", "GmEcuSimulator\GmEcuSimulator.csproj", "{AECCE60B-4142-4337-A405-4DBBCF4E10B2}"
EndProject
Project("{FAE04EC0-301F-11D3-BF4B-00C04F79EFBC}") = "Tests.Unit", "Tests.Unit\Tests.Unit.csproj", "{A6176D7B-2D76-4AF6-81B1-C512854564C1}"
EndProject
Project("{FAE04EC0-301F-11D3-BF4B-00C04F79EFBC}") = "Shim", "Shim\Shim.csproj", "{3635DD7D-AE9F-4B4E-95ED-BFC35E070227}"
EndProject
Project("{8BC9CEB8-8B4A-11D0-8D11-00A0C91BC942}") = "PassThruShim", "PassThruShim\PassThruShim.vcxproj", "{B0E2F8A3-7C9D-4F1E-8B2A-9D4C6E1F2A5B}"
EndProject
Global
	GlobalSection(SolutionConfigurationPlatforms) = preSolution
		Debug|Any CPU = Debug|Any CPU
		Debug|x64 = Debug|x64
		Debug|x86 = Debug|x86
		Release|Any CPU = Release|Any CPU
		Release|x64 = Release|x64
		Release|x86 = Release|x86
	EndGlobalSection
	GlobalSection(ProjectConfigurationPlatforms) = postSolution
		{651024CB-0E16-491A-ABF3-E3A0E42FCBD6}.Debug|Any CPU.ActiveCfg = Debug|Any CPU
		{651024CB-0E16-491A-ABF3-E3A0E42FCBD6}.Debug|Any CPU.Build.0 = Debug|Any CPU
		{651024CB-0E16-491A-ABF3-E3A0E42FCBD6}.Debug|x64.ActiveCfg = Debug|Any CPU
		{651024CB-0E16-491A-ABF3-E3A0E42FCBD6}.Debug|x64.Build.0 = Debug|Any CPU
		{651024CB-0E16-491A-ABF3-E3A0E42FCBD6}.Debug|x86.ActiveCfg = Debug|Any CPU
		{651024CB-0E16-491A-ABF3-E3A0E42FCBD6}.Debug|x86.Build.0 = Debug|Any CPU
		{651024CB-0E16-491A-ABF3-E3A0E42FCBD6}.Release|Any CPU.ActiveCfg = Release|Any CPU
		{651024CB-0E16-491A-ABF3-E3A0E42FCBD6}.Release|Any CPU.Build.0 = Release|Any CPU
		{651024CB-0E16-491A-ABF3-E3A0E42FCBD6}.Release|x64.ActiveCfg = Release|Any CPU
		{651024CB-0E16-491A-ABF3-E3A0E42FCBD6}.Release|x64.Build.0 = Release|Any CPU
		{651024CB-0E16-491A-ABF3-E3A0E42FCBD6}.Release|x86.ActiveCfg = Release|Any CPU
		{651024CB-0E16-491A-ABF3-E3A0E42FCBD6}.Release|x86.Build.0 = Release|Any CPU
		{58092197-A7D1-40ED-9A22-CBDD8D18018F}.Debug|Any CPU.ActiveCfg = Debug|Any CPU
		{58092197-A7D1-40ED-9A22-CBDD8D18018F}.Debug|Any CPU.Build.0 = Debug|Any CPU
		{58092197-A7D1-40ED-9A22-CBDD8D18018F}.Debug|x64.ActiveCfg = Debug|Any CPU
		{58092197-A7D1-40ED-9A22-CBDD8D18018F}.Debug|x64.Build.0 = Debug|Any CPU
		{58092197-A7D1-40ED-9A22-CBDD8D18018F}.Debug|x86.ActiveCfg = Debug|Any CPU
		{58092197-A7D1-40ED-9A22-CBDD8D18018F}.Debug|x86.Build.0 = Debug|Any CPU
		{58092197-A7D1-40ED-9A22-CBDD8D18018F}.Release|Any CPU.ActiveCfg = Release|Any CPU
		{58092197-A7D1-40ED-9A22-CBDD8D18018F}.Release|Any CPU.Build.0 = Release|Any CPU
		{58092197-A7D1-40ED-9A22-CBDD8D18018F}.Release|x64.ActiveCfg = Release|Any CPU
		{58092197-A7D1-40ED-9A22-CBDD8D18018F}.Release|x64.Build.0 = Release|Any CPU
		{58092197-A7D1-40ED-9A22-CBDD8D18018F}.Release|x86.ActiveCfg = Release|Any CPU
		{58092197-A7D1-40ED-9A22-CBDD8D18018F}.Release|x86.Build.0 = Release|Any CPU
		{AECCE60B-4142-4337-A405-4DBBCF4E10B2}.Debug|Any CPU.ActiveCfg = Debug|Any CPU
		{AECCE60B-4142-4337-A405-4DBBCF4E10B2}.Debug|Any CPU.Build.0 = Debug|Any CPU
		{AECCE60B-4142-4337-A405-4DBBCF4E10B2}.Debug|x64.ActiveCfg = Debug|Any CPU
		{AECCE60B-4142-4337-A405-4DBBCF4E10B2}.Debug|x64.Build.0 = Debug|Any CPU
		{AECCE60B-4142-4337-A405-4DBBCF4E10B2}.Debug|x86.ActiveCfg = Debug|Any CPU
		{AECCE60B-4142-4337-A405-4DBBCF4E10B2}.Debug|x86.Build.0 = Debug|Any CPU
		{AECCE60B-4142-4337-A405-4DBBCF4E10B2}.Release|Any CPU.ActiveCfg = Release|Any CPU
		{AECCE60B-4142-4337-A405-4DBBCF4E10B2}.Release|Any CPU.Build.0 = Release|Any CPU
		{AECCE60B-4142-4337-A405-4DBBCF4E10B2}.Release|x64.ActiveCfg = Release|Any CPU
		{AECCE60B-4142-4337-A405-4DBBCF4E10B2}.Release|x64.Build.0 = Release|Any CPU
		{AECCE60B-4142-4337-A405-4DBBCF4E10B2}.Release|x86.ActiveCfg = Release|Any CPU
		{AECCE60B-4142-4337-A405-4DBBCF4E10B2}.Release|x86.Build.0 = Release|Any CPU
		{A6176D7B-2D76-4AF6-81B1-C512854564C1}.Debug|Any CPU.ActiveCfg = Debug|Any CPU
		{A6176D7B-2D76-4AF6-81B1-C512854564C1}.Debug|Any CPU.Build.0 = Debug|Any CPU
		{A6176D7B-2D76-4AF6-81B1-C512854564C1}.Debug|x64.ActiveCfg = Debug|Any CPU
		{A6176D7B-2D76-4AF6-81B1-C512854564C1}.Debug|x64.Build.0 = Debug|Any CPU
		{A6176D7B-2D76-4AF6-81B1-C512854564C1}.Debug|x86.ActiveCfg = Debug|Any CPU
		{A6176D7B-2D76-4AF6-81B1-C512854564C1}.Debug|x86.Build.0 = Debug|Any CPU
		{A6176D7B-2D76-4AF6-81B1-C512854564C1}.Release|Any CPU.ActiveCfg = Release|Any CPU
		{A6176D7B-2D76-4AF6-81B1-C512854564C1}.Release|Any CPU.Build.0 = Release|Any CPU
		{A6176D7B-2D76-4AF6-81B1-C512854564C1}.Release|x64.ActiveCfg = Release|Any CPU
		{A6176D7B-2D76-4AF6-81B1-C512854564C1}.Release|x64.Build.0 = Release|Any CPU
		{A6176D7B-2D76-4AF6-81B1-C512854564C1}.Release|x86.ActiveCfg = Release|Any CPU
		{A6176D7B-2D76-4AF6-81B1-C512854564C1}.Release|x86.Build.0 = Release|Any CPU
		{3635DD7D-AE9F-4B4E-95ED-BFC35E070227}.Debug|Any CPU.ActiveCfg = Debug|Any CPU
		{3635DD7D-AE9F-4B4E-95ED-BFC35E070227}.Debug|Any CPU.Build.0 = Debug|Any CPU
		{3635DD7D-AE9F-4B4E-95ED-BFC35E070227}.Debug|x64.ActiveCfg = Debug|Any CPU
		{3635DD7D-AE9F-4B4E-95ED-BFC35E070227}.Debug|x64.Build.0 = Debug|Any CPU
		{3635DD7D-AE9F-4B4E-95ED-BFC35E070227}.Debug|x86.ActiveCfg = Debug|Any CPU
		{3635DD7D-AE9F-4B4E-95ED-BFC35E070227}.Debug|x86.Build.0 = Debug|Any CPU
		{3635DD7D-AE9F-4B4E-95ED-BFC35E070227}.Release|Any CPU.ActiveCfg = Release|Any CPU
		{3635DD7D-AE9F-4B4E-95ED-BFC35E070227}.Release|Any CPU.Build.0 = Release|Any CPU
		{3635DD7D-AE9F-4B4E-95ED-BFC35E070227}.Release|x64.ActiveCfg = Release|Any CPU
		{3635DD7D-AE9F-4B4E-95ED-BFC35E070227}.Release|x64.Build.0 = Release|Any CPU
		{3635DD7D-AE9F-4B4E-95ED-BFC35E070227}.Release|x86.ActiveCfg = Release|Any CPU
		{3635DD7D-AE9F-4B4E-95ED-BFC35E070227}.Release|x86.Build.0 = Release|Any CPU
		{B0E2F8A3-7C9D-4F1E-8B2A-9D4C6E1F2A5B}.Debug|Any CPU.ActiveCfg = Debug|Win32
		{B0E2F8A3-7C9D-4F1E-8B2A-9D4C6E1F2A5B}.Debug|x64.ActiveCfg = Debug|x64
		{B0E2F8A3-7C9D-4F1E-8B2A-9D4C6E1F2A5B}.Debug|x64.Build.0 = Debug|x64
		{B0E2F8A3-7C9D-4F1E-8B2A-9D4C6E1F2A5B}.Debug|x86.ActiveCfg = Debug|Win32
		{B0E2F8A3-7C9D-4F1E-8B2A-9D4C6E1F2A5B}.Debug|x86.Build.0 = Debug|Win32
		{B0E2F8A3-7C9D-4F1E-8B2A-9D4C6E1F2A5B}.Release|Any CPU.ActiveCfg = Release|Win32
		{B0E2F8A3-7C9D-4F1E-8B2A-9D4C6E1F2A5B}.Release|x64.ActiveCfg = Release|x64
		{B0E2F8A3-7C9D-4F1E-8B2A-9D4C6E1F2A5B}.Release|x64.Build.0 = Release|x64
		{B0E2F8A3-7C9D-4F1E-8B2A-9D4C6E1F2A5B}.Release|x86.ActiveCfg = Release|Win32
		{B0E2F8A3-7C9D-4F1E-8B2A-9D4C6E1F2A5B}.Release|x86.Build.0 = Release|Win32
	EndGlobalSection
	GlobalSection(SolutionProperties) = preSolution
		HideSolutionNode = FALSE
	EndGlobalSection
EndGlobal
